Microsoft Visual Studio Solution File, Format Version 12.00
# Visual Studio Version 17
VisualStudioVersion = 17.0.31903.59
MinimumVisualStudioVersion = 10.0.40219.1
Project("{2150E333-8FDC-42A3-9474-1A3956D46DE8}") = "Core", "Core", "{14B8E171-8939-4447-9C1C-F8D8828D2A11}"
EndProject
Project("{FAE04EC0-301F-11D3-BF4B-00C04F79EFBC}") = "Rathalos.Core.ORM", "Core\Rathalos.Core.ORM\Rathalos.Core.ORM.csproj", "{85611234-5678-4ABC-DEF0-123456789001}"
EndProject
Project("{FAE04EC0-301F-11D3-BF4B-00C04F79EFBC}") = "Rathalos.Core.Protocol", "Core\Rathalos.Core.Protocol\Rathalos.Core.Protocol.csproj", "{85611234-5678-4ABC-DEF0-123456789002}"
EndProject
Project("{FAE04EC0-301F-11D3-BF4B-00C04F79EFBC}") = "Rathalos.Core.Utils", "Core\Rathalos.Core.Utils\Rathalos.Core.Utils.csproj", "{85611234-5678-4ABC-DEF0-123456789003}"
EndProject
Project("{2150E333-8FDC-42A3-9474-1A3956D46DE8}") = "items", "items", "{27C9F282-904A-4558-AC2D-E9E9939D3B22}"
	ProjectSection(SolutionItems) = preProject
		crygame_csproto.xml = crygame_csproto.xml
		protocalhandler_tqqapi.xml = protocalhandler_tqqapi.xml
	EndProjectSection
EndProject
Project("{2150E333-8FDC-42A3-9474-1A3956D46DE8}") = "Servers", "Servers", "{38D00393-A15B-4669-BE3E-C0E004AD4C33}"
EndProject
Project("{FAE04EC0-301F-11D3-BF4B-00C04F79EFBC}") = "Rathalos.Servers.Base", "Servers\Rathalos.Servers.Base\Rathalos.Servers.Base.csproj", "{85611234-5678-4ABC-DEF0-123456789004}"
EndProject
Project("{2150E333-8FDC-42A3-9474-1A3956D46DE8}") = "Tools", "Tools", "{49E11404-B26C-477A-CF4F-D1F115BE5D44}"
EndProject
Project("{FAE04EC0-301F-11D3-BF4B-00C04F79EFBC}") = "Rathalos.CLI", "Tools\Rathalos.CLI\Rathalos.CLI.csproj", "{85611234-5678-4ABC-DEF0-123456789005}"
EndProject
Project("{FAE04EC0-301F-11D3-BF4B-00C04F79EFBC}") = "Rathalos.Hook", "Tools\Rathalos.Hook\Rathalos.Hook.csproj", "{A83E3766-8317-4702-A98B-DF5C7B2E665C}"
EndProject
Global
	GlobalSection(SolutionConfigurationPlatforms) = preSolution
		Debug|Any CPU = Debug|Any CPU
		Release|Any CPU = Release|Any CPU
	EndGlobalSection
	GlobalSection(ProjectConfigurationPlatforms) = postSolution
		{85611234-5678-4ABC-DEF0-123456789001}.Debug|Any CPU.ActiveCfg = Debug|Any CPU
		{85611234-5678-4ABC-DEF0-123456789001}.Debug|Any CPU.Build.0 = Debug|Any CPU
		{85611234-5678-4ABC-DEF0-123456789001}.Release|Any CPU.ActiveCfg = Release|Any CPU
		{85611234-5678-4ABC-DEF0-123456789001}.Release|Any CPU.Build.0 = Release|Any CPU
		{85611234-5678-4ABC-DEF0-123456789002}.Debug|Any CPU.ActiveCfg = Debug|Any CPU
		{85611234-5678-4ABC-DEF0-123456789002}.Debug|Any CPU.Build.0 = Debug|Any CPU
		{85611234-5678-4ABC-DEF0-123456789002}.Release|Any CPU.ActiveCfg = Release|Any CPU
		{85611234-5678-4ABC-DEF0-123456789002}.Release|Any CPU.Build.0 = Release|Any CPU
		{85611234-5678-4ABC-DEF0-123456789003}.Debug|Any CPU.ActiveCfg = Debug|Any CPU
		{85611234-5678-4ABC-DEF0-123456789003}.Debug|Any CPU.Build.0 = Debug|Any CPU
		{85611234-5678-4ABC-DEF0-123456789003}.Release|Any CPU.ActiveCfg = Release|Any CPU
		{85611234-5678-4ABC-DEF0-123456789003}.Release|Any CPU.Build.0 = Release|Any CPU
		{85611234-5678-4ABC-DEF0-123456789004}.Debug|Any CPU.ActiveCfg = Debug|Any CPU
		{85611234-5678-4ABC-DEF0-123456789004}.Debug|Any CPU.Build.0 = Debug|Any CPU
		{85611234-5678-4ABC-DEF0-123456789004}.Release|Any CPU.ActiveCfg = Release|Any CPU
		{85611234-5678-4ABC-DEF0-123456789004}.Release|Any CPU.Build.0 = Release|Any CPU
		{85611234-5678-4ABC-DEF0-123456789005}.Debug|Any CPU.ActiveCfg = Debug|Any CPU
		{85611234-5678-4ABC-DEF0-123456789005}.Debug|Any CPU.Build.0 = Debug|Any CPU
		{85611234-5678-4ABC-DEF0-123456789005}.Release|Any CPU.ActiveCfg = Release|Any CPU
		{85611234-5678-4ABC-DEF0-123456789005}.Release|Any CPU.Build.0 = Release|Any CPU
		{A83E3766-8317-4702-A98B-DF5C7B2E665C}.Debug|Any CPU.ActiveCfg = Debug|Any CPU
		{A83E3766-8317-4702-A98B-DF5C7B2E665C}.Debug|Any CPU.Build.0 = Debug|Any CPU
		{A83E3766-8317-4702-A98B-DF5C7B2E665C}.Release|Any CPU.ActiveCfg = Release|Any CPU
		{A83E3766-8317-4702-A98B-DF5C7B2E665C}.Release|Any CPU.Build.0 = Release|Any CPU
	EndGlobalSection
	GlobalSection(SolutionProperties) = preSolution
		HideSolutionNode = FALSE
	EndGlobalSection
	GlobalSection(NestedProjects) = preSolution
		{85611234-5678-4ABC-DEF0-123456789001} = {14B8E171-8939-4447-9C1C-F8D8828D2A11}
		{85611234-5678-4ABC-DEF0-123456789002} = {14B8E171-8939-4447-9C1C-F8D8828D2A11}
		{85611234-5678-4ABC-DEF0-123456789003} = {14B8E171-8939-4447-9C1C-F8D8828D2A11}
		{85611234-5678-4ABC-DEF0-123456789004} = {38D00393-A15B-4669-BE3E-C0E004AD4C33}
		{85611234-5678-4ABC-DEF0-123456789005} = {49E11404-B26C-477A-CF4F-D1F115BE5D44}
		{A83E3766-8317-4702-A98B-DF5C7B2E665C} = {49E11404-B26C-477A-CF4F-D1F115BE5D44}
	EndGlobalSection
EndGlobal